
Microsoft Visual Studio Solution File, Format Version 12.00
# Visual Studio Version 17
VisualStudioVersion = 17.6.33723.286
MinimumVisualStudioVersion = 10.0.40219.1
Project("{FAE04EC0-301F-11D3-BF4B-00C04F79EFBC}") = "Cropper", "Cropper.csproj", "{397DA24E-E3F5-4A1A-A77C-B0635CFCAFE5}"
EndProject
Global
	GlobalSection(SolutionConfigurationPlatforms) = preSolution
		Debug|Any CPU = Debug|Any CPU
		Release|Any CPU = Release|Any CPU
	EndGlobalSection
	GlobalSection(ProjectConfigurationPlatforms) = postSolution
		{397DA24E-E3F5-4A1A-A77C-B0635CFCAFE5}.Debug|Any CPU.ActiveCfg = Debug|Any CPU
		{397DA24E-E3F5-4A1A-A77C-B0635CFCAFE5}.Debug|Any CPU.Build.0 = Debug|Any CPU
		{397DA24E-E3F5-4A1A-A77C-B0635CFCAFE5}.Release|Any CPU.ActiveCfg = Release|Any CPU
		{397DA24E-E3F5-4A1A-A77C-B0635CFCAFE5}.Release|Any CPU.Build.0 = Release|Any CPU
	EndGlobalSection
	GlobalSection(SolutionProperties) = preSolution
		HideSolutionNode = FALSE
	EndGlobalSection
	GlobalSection(ExtensibilityGlobals) = postSolution
		SolutionGuid = {7A759378-F884-474D-B1E7-70472B59F524}
	EndGlobalSection
EndGlobal
